
Microsoft Visual Studio Solution File, Format Version 12.00
Project("{FAE04EC0-301F-11D3-BF4B-00C04F79EFBC}") = "AljabarLibraries", "AljabarLibraries\AljabarLibraries.csproj", "{59A12AC4-6532-4BEB-8367-540147D45588}"
EndProject
Project("{FAE04EC0-301F-11D3-BF4B-00C04F79EFBC}") = "MainConsoleApp", "MainConsoleApp\MainConsoleApp.csproj", "{52FB23AD-D508-4F72-920D-C66422C9441E}"
EndProject
Global
	GlobalSection(SolutionConfigurationPlatforms) = preSolution
		Debug|Any CPU = Debug|Any CPU
		Release|Any CPU = Release|Any CPU
	EndGlobalSection
	GlobalSection(ProjectConfigurationPlatforms) = postSolution
		{59A12AC4-6532-4BEB-8367-540147D45588}.Debug|Any CPU.ActiveCfg = Debug|Any CPU
		{59A12AC4-6532-4BEB-8367-540147D45588}.Debug|Any CPU.Build.0 = Debug|Any CPU
		{59A12AC4-6532-4BEB-8367-540147D45588}.Release|Any CPU.ActiveCfg = Release|Any CPU
		{59A12AC4-6532-4BEB-8367-540147D45588}.Release|Any CPU.Build.0 = Release|Any CPU
		{52FB23AD-D508-4F72-920D-C66422C9441E}.Debug|Any CPU.ActiveCfg = Debug|Any CPU
		{52FB23AD-D508-4F72-920D-C66422C9441E}.Debug|Any CPU.Build.0 = Debug|Any CPU
		{52FB23AD-D508-4F72-920D-C66422C9441E}.Release|Any CPU.ActiveCfg = Release|Any CPU
		{52FB23AD-D508-4F72-920D-C66422C9441E}.Release|Any CPU.Build.0 = Release|Any CPU
	EndGlobalSection
EndGlobal
